
Microsoft Visual Studio Solution File, Format Version 12.00
# Visual Studio Version 17
VisualStudioVersion = 17.11.35327.3
MinimumVisualStudioVersion = 10.0.40219.1
Project("{FAE04EC0-301F-11D3-BF4B-00C04F79EFBC}") = "EventHotelBroker", "EventHotelBroker\EventHotelBroker.csproj", "{EF7EBF39-5A45-4BFE-86AA-626E0CAD3119}"
EndProject
Global
	GlobalSection(SolutionConfigurationPlatforms) = preSolution
		Debug|Any CPU = Debug|Any CPU
		Release|Any CPU = Release|Any CPU
	EndGlobalSection
	GlobalSection(ProjectConfigurationPlatforms) = postSolution
		{EF7EBF39-5A45-4BFE-86AA-626E0CAD3119}.Debug|Any CPU.ActiveCfg = Debug|Any CPU
		{EF7EBF39-5A45-4BFE-86AA-626E0CAD3119}.Debug|Any CPU.Build.0 = Debug|Any CPU
		{EF7EBF39-5A45-4BFE-86AA-626E0CAD3119}.Release|Any CPU.ActiveCfg = Release|Any CPU
		{EF7EBF39-5A45-4BFE-86AA-626E0CAD3119}.Release|Any CPU.Build.0 = Release|Any CPU
	EndGlobalSection
	GlobalSection(SolutionProperties) = preSolution
		HideSolutionNode = FALSE
	EndGlobalSection
	GlobalSection(ExtensibilityGlobals) = postSolution
		SolutionGuid = {115F8A4A-C2EA-4DE1-863E-25EE764D93C9}
	EndGlobalSection
EndGlobal
